
Microsoft Visual Studio Solution File, Format Version 12.00
# Visual Studio Version 17
VisualStudioVersion = 17.0.31912.275
MinimumVisualStudioVersion = 10.0.40219.1
Project("{FAE04EC0-301F-11D3-BF4B-00C04F79EFBC}") = "Urun_satis", "Urun_satis\Urun_satis.csproj", "{A7B9D92E-28D1-41C8-8F89-C8C79441C624}"
EndProject
Global
	GlobalSection(SolutionConfigurationPlatforms) = preSolution
		Debug|Any CPU = Debug|Any CPU
		Release|Any CPU = Release|Any CPU
	EndGlobalSection
	GlobalSection(ProjectConfigurationPlatforms) = postSolution
		{A7B9D92E-28D1-41C8-8F89-C8C79441C624}.Debug|Any CPU.ActiveCfg = Debug|Any CPU
		{A7B9D92E-28D1-41C8-8F89-C8C79441C624}.Debug|Any CPU.Build.0 = Debug|Any CPU
		{A7B9D92E-28D1-41C8-8F89-C8C79441C624}.Release|Any CPU.ActiveCfg = Release|Any CPU
		{A7B9D92E-28D1-41C8-8F89-C8C79441C624}.Release|Any CPU.Build.0 = Release|Any CPU
	EndGlobalSection
	GlobalSection(SolutionProperties) = preSolution
		HideSolutionNode = FALSE
	EndGlobalSection
	GlobalSection(ExtensibilityGlobals) = postSolution
		SolutionGuid = {9E2455AA-B4EC-43B8-AD23-25DAA46D17B6}
	EndGlobalSection
EndGlobal
